
Microsoft Visual Studio Solution File, Format Version 12.00
# Visual Studio Version 16
VisualStudioVersion = 16.0.29613.14
MinimumVisualStudioVersion = 10.0.40219.1
Project("{FAE04EC0-301F-11D3-BF4B-00C04F79EFBC}") = "Lesson1", "Lesson1\Lesson1.csproj", "{9B9DAC34-62A5-4633-BB49-D32A16FE1C4C}"
EndProject
Global
	GlobalSection(SolutionConfigurationPlatforms) = preSolution
		Debug|Any CPU = Debug|Any CPU
		Release|Any CPU = Release|Any CPU
	EndGlobalSection
	GlobalSection(ProjectConfigurationPlatforms) = postSolution
		{9B9DAC34-62A5-4633-BB49-D32A16FE1C4C}.Debug|Any CPU.ActiveCfg = Debug|Any CPU
		{9B9DAC34-62A5-4633-BB49-D32A16FE1C4C}.Debug|Any CPU.Build.0 = Debug|Any CPU
		{9B9DAC34-62A5-4633-BB49-D32A16FE1C4C}.Release|Any CPU.ActiveCfg = Release|Any CPU
		{9B9DAC34-62A5-4633-BB49-D32A16FE1C4C}.Release|Any CPU.Build.0 = Release|Any CPU
	EndGlobalSection
	GlobalSection(SolutionProperties) = preSolution
		HideSolutionNode = FALSE
	EndGlobalSection
	GlobalSection(ExtensibilityGlobals) = postSolution
		SolutionGuid = {701FB47F-8900-4705-B801-EEB315D4517E}
	EndGlobalSection
EndGlobal
